
Microsoft Visual Studio Solution File, Format Version 12.00
# Visual Studio Version 16
VisualStudioVersion = 16.0.30128.74
MinimumVisualStudioVersion = 10.0.40219.1
Project("{F184B08F-C81C-45F6-A57F-5ABD9991F28F}") = "Alarma", "Alarma\Alarma.vbproj", "{6D7B46E1-E69F-48F5-8FD8-91959AEA73B4}"
EndProject
Global
	GlobalSection(SolutionConfigurationPlatforms) = preSolution
		Debug|Any CPU = Debug|Any CPU
		Release|Any CPU = Release|Any CPU
	EndGlobalSection
	GlobalSection(ProjectConfigurationPlatforms) = postSolution
		{6D7B46E1-E69F-48F5-8FD8-91959AEA73B4}.Debug|Any CPU.ActiveCfg = Debug|Any CPU
		{6D7B46E1-E69F-48F5-8FD8-91959AEA73B4}.Debug|Any CPU.Build.0 = Debug|Any CPU
		{6D7B46E1-E69F-48F5-8FD8-91959AEA73B4}.Release|Any CPU.ActiveCfg = Release|Any CPU
		{6D7B46E1-E69F-48F5-8FD8-91959AEA73B4}.Release|Any CPU.Build.0 = Release|Any CPU
	EndGlobalSection
	GlobalSection(SolutionProperties) = preSolution
		HideSolutionNode = FALSE
	EndGlobalSection
	GlobalSection(ExtensibilityGlobals) = postSolution
		SolutionGuid = {71024A11-3B32-4E02-9D01-796916724A5D}
	EndGlobalSection
EndGlobal
